
Microsoft Visual Studio Solution File, Format Version 12.00
# Visual Studio Version 17
VisualStudioVersion = 17.14.36408.4 d17.14
MinimumVisualStudioVersion = 10.0.40219.1
Project("{FAE04EC0-301F-11D3-BF4B-00C04F79EFBC}") = "LMS.Api", "LMS.Api\LMS.Api.csproj", "{A35BBBD8-0048-47F8-A143-6D73433A829A}"
EndProject
Project("{2150E333-8FDC-42A3-9474-1A3956D46DE8}") = "Core", "Core", "{02EA681E-C7D8-13C7-8484-4AC65E1B71E8}"
EndProject
Project("{FAE04EC0-301F-11D3-BF4B-00C04F79EFBC}") = "Domain", "Core\Domain\Domain.csproj", "{0598D4BF-F63F-4D4B-B2A8-45919B8736C3}"
EndProject
Project("{FAE04EC0-301F-11D3-BF4B-00C04F79EFBC}") = "ServicesImplementation", "Core\ServicesImplementation\ServicesImplementation.csproj", "{0FA20C3E-7755-4320-9A2D-979A004EE7D3}"
EndProject
Project("{FAE04EC0-301F-11D3-BF4B-00C04F79EFBC}") = "ServicesAbstraction", "Core\ServicesAbstraction\ServicesAbstraction.csproj", "{9066D514-B803-46A9-86C3-44A0110FF12B}"
EndProject
Project("{2150E333-8FDC-42A3-9474-1A3956D46DE8}") = "Infrastructure", "Infrastructure", "{457D4EC6-3898-4EE0-B637-D53B66E6E4FA}"
EndProject
Project("{FAE04EC0-301F-11D3-BF4B-00C04F79EFBC}") = "Presistence", "Infrastructure\Presistence\Presistence.csproj", "{EECD17AF-5C5F-46BD-8010-66FEDB159575}"
EndProject
Project("{FAE04EC0-301F-11D3-BF4B-00C04F79EFBC}") = "Persentation", "Infrastructure\Persentation\Persentation.csproj", "{5277E43B-224C-4863-8DF6-B572C4C56A30}"
EndProject
Project("{FAE04EC0-301F-11D3-BF4B-00C04F79EFBC}") = "Shared", "Shared\Shared.csproj", "{7C2C5B03-F17F-4FBA-AF74-F5B1C5C73C0C}"
EndProject
Global
	GlobalSection(SolutionConfigurationPlatforms) = preSolution
		Debug|Any CPU = Debug|Any CPU
		Release|Any CPU = Release|Any CPU
	EndGlobalSection
	GlobalSection(ProjectConfigurationPlatforms) = postSolution
		{A35BBBD8-0048-47F8-A143-6D73433A829A}.Debug|Any CPU.ActiveCfg = Debug|Any CPU
		{A35BBBD8-0048-47F8-A143-6D73433A829A}.Debug|Any CPU.Build.0 = Debug|Any CPU
		{A35BBBD8-0048-47F8-A143-6D73433A829A}.Release|Any CPU.ActiveCfg = Release|Any CPU
		{A35BBBD8-0048-47F8-A143-6D73433A829A}.Release|Any CPU.Build.0 = Release|Any CPU
		{0598D4BF-F63F-4D4B-B2A8-45919B8736C3}.Debug|Any CPU.ActiveCfg = Debug|Any CPU
		{0598D4BF-F63F-4D4B-B2A8-45919B8736C3}.Debug|Any CPU.Build.0 = Debug|Any CPU
		{0598D4BF-F63F-4D4B-B2A8-45919B8736C3}.Release|Any CPU.ActiveCfg = Release|Any CPU
		{0598D4BF-F63F-4D4B-B2A8-45919B8736C3}.Release|Any CPU.Build.0 = Release|Any CPU
		{0FA20C3E-7755-4320-9A2D-979A004EE7D3}.Debug|Any CPU.ActiveCfg = Debug|Any CPU
		{0FA20C3E-7755-4320-9A2D-979A004EE7D3}.Debug|Any CPU.Build.0 = Debug|Any CPU
		{0FA20C3E-7755-4320-9A2D-979A004EE7D3}.Release|Any CPU.ActiveCfg = Release|Any CPU
		{0FA20C3E-7755-4320-9A2D-979A004EE7D3}.Release|Any CPU.Build.0 = Release|Any CPU
		{9066D514-B803-46A9-86C3-44A0110FF12B}.Debug|Any CPU.ActiveCfg = Debug|Any CPU
		{9066D514-B803-46A9-86C3-44A0110FF12B}.Debug|Any CPU.Build.0 = Debug|Any CPU
		{9066D514-B803-46A9-86C3-44A0110FF12B}.Release|Any CPU.ActiveCfg = Release|Any CPU
		{9066D514-B803-46A9-86C3-44A0110FF12B}.Release|Any CPU.Build.0 = Release|Any CPU
		{EECD17AF-5C5F-46BD-8010-66FEDB159575}.Debug|Any CPU.ActiveCfg = Debug|Any CPU
		{EECD17AF-5C5F-46BD-8010-66FEDB159575}.Debug|Any CPU.Build.0 = Debug|Any CPU
		{EECD17AF-5C5F-46BD-8010-66FEDB159575}.Release|Any CPU.ActiveCfg = Release|Any CPU
		{EECD17AF-5C5F-46BD-8010-66FEDB159575}.Release|Any CPU.Build.0 = Release|Any CPU
		{5277E43B-224C-4863-8DF6-B572C4C56A30}.Debug|Any CPU.ActiveCfg = Debug|Any CPU
		{5277E43B-224C-4863-8DF6-B572C4C56A30}.Debug|Any CPU.Build.0 = Debug|Any CPU
		{5277E43B-224C-4863-8DF6-B572C4C56A30}.Release|Any CPU.ActiveCfg = Release|Any CPU
		{5277E43B-224C-4863-8DF6-B572C4C56A30}.Release|Any CPU.Build.0 = Release|Any CPU
		{7C2C5B03-F17F-4FBA-AF74-F5B1C5C73C0C}.Debug|Any CPU.ActiveCfg = Debug|Any CPU
		{7C2C5B03-F17F-4FBA-AF74-F5B1C5C73C0C}.Debug|Any CPU.Build.0 = Debug|Any CPU
		{7C2C5B03-F17F-4FBA-AF74-F5B1C5C73C0C}.Release|Any CPU.ActiveCfg = Release|Any CPU
		{7C2C5B03-F17F-4FBA-AF74-F5B1C5C73C0C}.Release|Any CPU.Build.0 = Release|Any CPU
	EndGlobalSection
	GlobalSection(SolutionProperties) = preSolution
		HideSolutionNode = FALSE
	EndGlobalSection
	GlobalSection(NestedProjects) = preSolution
		{0598D4BF-F63F-4D4B-B2A8-45919B8736C3} = {02EA681E-C7D8-13C7-8484-4AC65E1B71E8}
		{0FA20C3E-7755-4320-9A2D-979A004EE7D3} = {02EA681E-C7D8-13C7-8484-4AC65E1B71E8}
		{9066D514-B803-46A9-86C3-44A0110FF12B} = {02EA681E-C7D8-13C7-8484-4AC65E1B71E8}
		{EECD17AF-5C5F-46BD-8010-66FEDB159575} = {457D4EC6-3898-4EE0-B637-D53B66E6E4FA}
		{5277E43B-224C-4863-8DF6-B572C4C56A30} = {457D4EC6-3898-4EE0-B637-D53B66E6E4FA}
	EndGlobalSection
	GlobalSection(ExtensibilityGlobals) = postSolution
		SolutionGuid = {9A9F4B0B-AD3B-474F-B78F-ED2298E7BD17}
	EndGlobalSection
EndGlobal
